
Microsoft Visual Studio Solution File, Format Version 12.00
# Visual Studio Version 17
VisualStudioVersion = 17.3.32922.545
MinimumVisualStudioVersion = 10.0.40219.1
Project("{FAE04EC0-301F-11D3-BF4B-00C04F79EFBC}") = "FriendshipProgress", "FriendshipProgress\FriendshipProgress.csproj", "{57997DA6-514C-4C8B-B05F-217529E44C43}"
EndProject
Global
	GlobalSection(SolutionProperties) = preSolution
		HideSolutionNode = FALSE
	EndGlobalSection
	GlobalSection(ExtensibilityGlobals) = postSolution
		SolutionGuid = {7679C620-918A-4621-A37E-4B8A2935A3EE}
	EndGlobalSection
	GlobalSection(SolutionConfigurationPlatforms) = preSolution
		Debug|Any CPU = Debug|Any CPU
		Debug|x64 = Debug|x64
		Debug|x86 = Debug|x86
		Release|Any CPU = Release|Any CPU
		Release|x64 = Release|x64
		Release|x86 = Release|x86
	EndGlobalSection
	GlobalSection(ProjectConfigurationPlatforms) = postSolution
		{57997DA6-514C-4C8B-B05F-217529E44C43}.Debug|Any CPU.ActiveCfg = Debug|Any CPU
		{57997DA6-514C-4C8B-B05F-217529E44C43}.Debug|Any CPU.Build.0 = Debug|Any CPU
		{57997DA6-514C-4C8B-B05F-217529E44C43}.Debug|x64.ActiveCfg = Debug|Any CPU
		{57997DA6-514C-4C8B-B05F-217529E44C43}.Debug|x64.Build.0 = Debug|Any CPU
		{57997DA6-514C-4C8B-B05F-217529E44C43}.Debug|x86.ActiveCfg = Debug|Any CPU
		{57997DA6-514C-4C8B-B05F-217529E44C43}.Debug|x86.Build.0 = Debug|Any CPU
		{57997DA6-514C-4C8B-B05F-217529E44C43}.Release|Any CPU.ActiveCfg = Release|Any CPU
		{57997DA6-514C-4C8B-B05F-217529E44C43}.Release|Any CPU.Build.0 = Release|Any CPU
		{57997DA6-514C-4C8B-B05F-217529E44C43}.Release|x64.ActiveCfg = Release|Any CPU
		{57997DA6-514C-4C8B-B05F-217529E44C43}.Release|x64.Build.0 = Release|Any CPU
		{57997DA6-514C-4C8B-B05F-217529E44C43}.Release|x86.ActiveCfg = Release|Any CPU
		{57997DA6-514C-4C8B-B05F-217529E44C43}.Release|x86.Build.0 = Release|Any CPU
	EndGlobalSection
EndGlobal
